// !$*UTF8*$!
{
	archiveVersion = 1;
	classes = {
	};
	objectVersion = 48;
	objects = {

/* Begin PBXBuildFile section */
		083F0B39F9A337F9BFE4B1EF /* Pods_MilanTestApp.framework in Frameworks */ = {isa = PBXBuildFile; fileRef = DEA3FBDB6CC79233C27E2D29 /* Pods_MilanTestApp.framework */; };
		996F68BF1F7C08F700688A92 /* AppDelegate.swift in Sources */ = {isa = PBXBuildFile; fileRef = 996F68BE1F7C08F700688A92 /* AppDelegate.swift */; };
		996F68C11F7C08F700688A92 /* ViewController.swift in Sources */ = {isa = PBXBuildFile; fileRef = 996F68C01F7C08F700688A92 /* ViewController.swift */; };
		996F68C41F7C08F700688A92 /* Main.storyboard in Resources */ = {isa = PBXBuildFile; fileRef = 996F68C21F7C08F700688A92 /* Main.storyboard */; };
		996F68C61F7C08F700688A92 /* Assets.xcassets in Resources */ = {isa = PBXBuildFile; fileRef = 996F68C51F7C08F700688A92 /* Assets.xcassets */; };
		996F68C91F7C08F700688A92 /* LaunchScreen.storyboard in Resources */ = {isa = PBXBuildFile; fileRef = 996F68C71F7C08F700688A92 /* LaunchScreen.storyboard */; };
/* End PBXBuildFile section */

/* Begin PBXFileReference section */
		104AD8E02267A4F1886A1AA5 /* Pods-MilanTestApp.debug.xcconfig */ = {isa = PBXFileReference; includeInIndex = 1; lastKnownFileType = text.xcconfig; name = "Pods-MilanTestApp.debug.xcconfig"; path = "Pods/Target Support Files/Pods-MilanTestApp/Pods-MilanTestApp.debug.xcconfig"; sourceTree = "<group>"; };
		6EF14DB205CB6E40FF100A27 /* Pods-MilanTestApp.release.xcconfig */ = {isa = PBXFileReference; includeInIndex = 1; lastKnownFileType = text.xcconfig; name = "Pods-MilanTestApp.release.xcconfig"; path = "Pods/Target Support Files/Pods-MilanTestApp/Pods-MilanTestApp.release.xcconfig"; sourceTree = "<group>"; };
		996F68BB1F7C08F700688A92 /* MilanTestApp.app */ = {isa = PBXFileReference; explicitFileType = wrapper.application; includeInIndex = 0; path = MilanTestApp.app; sourceTree = BUILT_PRODUCTS_DIR; };
		996F68BE1F7C08F700688A92 /* AppDelegate.swift */ = {isa = PBXFileReference; lastKnownFileType = sourcecode.swift; path = AppDelegate.swift; sourceTree = "<group>"; };
		996F68C01F7C08F700688A92 /* ViewController.swift */ = {isa = PBXFileReference; lastKnownFileType = sourcecode.swift; path = ViewController.swift; sourceTree = "<group>"; };
		996F68C31F7C08F700688A92 /* Base */ = {isa = PBXFileReference; lastKnownFileType = file.storyboard; name = Base; path = Base.lproj/Main.storyboard; sourceTree = "<group>"; };
		996F68C51F7C08F700688A92 /* Assets.xcassets */ = {isa = PBXFileReference; lastKnownFileType = folder.assetcatalog; path = Assets.xcassets; sourceTree = "<group>"; };
		996F68C81F7C08F700688A92 /* Base */ = {isa = PBXFileReference; lastKnownFileType = file.storyboard; name = Base; path = Base.lproj/LaunchScreen.storyboard; sourceTree = "<group>"; };
		996F68CA1F7C08F700688A92 /* Info.plist */ = {isa = PBXFileReference; lastKnownFileType = text.plist.xml; path = Info.plist; sourceTree = "<group>"; };
		DEA3FBDB6CC79233C27E2D29 /* Pods_MilanTestApp.framework */ = {isa = PBXFileReference; explicitFileType = wrapper.framework; includeInIndex = 0; path = Pods_MilanTestApp.framework; sourceTree = BUILT_PRODUCTS_DIR; };
/* End PBXFileReference section */

/* Begin PBXFrameworksBuildPhase section */
		996F68B81F7C08F700688A92 /* Frameworks */ = {
			isa = PBXFrameworksBuildPhase;
			buildActionMask = 2147483647;
			files = (
				083F0B39F9A337F9BFE4B1EF /* Pods_MilanTestApp.framework in Frameworks */,
			);
			runOnlyForDeploymentPostprocessing = 0;
		};
/* End PBXFrameworksBuildPhase section */

/* Begin PBXGroup section */
		436D357BBAFCA4FBBADF06B2 /* Pods */ = {
			isa = PBXGroup;
			children = (
				104AD8E02267A4F1886A1AA5 /* Pods-MilanTestApp.debug.xcconfig */,
				6EF14DB205CB6E40FF100A27 /* Pods-MilanTestApp.release.xcconfig */,
			);
			name = Pods;
			sourceTree = "<group>";
		};
		5E31CC80F84B1A789B5095C4 /* Frameworks */ = {
			isa = PBXGroup;
			children = (
				DEA3FBDB6CC79233C27E2D29 /* Pods_MilanTestApp.framework */,
			);
			name = Frameworks;
			sourceTree = "<group>";
		};
		996F68B21F7C08F700688A92 = {
			isa = PBXGroup;
			children = (
				996F68BD1F7C08F700688A92 /* MilanTestApp */,
				996F68BC1F7C08F700688A92 /* Products */,
				436D357BBAFCA4FBBADF06B2 /* Pods */,
				5E31CC80F84B1A789B5095C4 /* Frameworks */,
			);
			sourceTree = "<group>";
		};
		996F68BC1F7C08F700688A92 /* Products */ = {
			isa = PBXGroup;
			children = (
				996F68BB1F7C08F700688A92 /* MilanTestApp.app */,
			);
			name = Products;
			sourceTree = "<group>";
		};
		996F68BD1F7C08F700688A92 /* MilanTestApp */ = {
			isa = PBXGroup;
			children = (
				996F68BE1F7C08F700688A92 /* AppDelegate.swift */,
				996F68C01F7C08F700688A92 /* ViewController.swift */,
				996F68C21F7C08F700688A92 /* Main.storyboard */,
				996F68C51F7C08F700688A92 /* Assets.xcassets */,
				996F68C71F7C08F700688A92 /* LaunchScreen.storyboard */,
				996F68CA1F7C08F700688A92 /* Info.plist */,
			);
			path = MilanTestApp;
			sourceTree = "<group>";
		};
/* End PBXGroup section */

/* Begin PBXNativeTarget section */
		996F68BA1F7C08F700688A92 /* MilanTestApp */ = {
			isa = PBXNativeTarget;
			buildConfigurationList = 996F68CD1F7C08F700688A92 /* Build configuration list for PBXNativeTarget "MilanTestApp" */;
			buildPhases = (
				99CF6F6281D69C86BE73D07D /* [CP] Check Pods Manifest.lock */,
				996F68B71F7C08F700688A92 /* Sources */,
				996F68B81F7C08F700688A92 /* Frameworks */,
				996F68B91F7C08F700688A92 /* Resources */,
				2EF5E6D71124B09B6F366941 /* [CP] Embed Pods Frameworks */,
				928F441B5FEFB6D46BD06F90 /* [CP] Copy Pods Resources */,
			);
			buildRules = (
			);
			dependencies = (
			);
			name = MilanTestApp;
			productName = MilanTestApp;
			productReference = 996F68BB1F7C08F700688A92 /* MilanTestApp.app */;
			productType = "com.apple.product-type.application";
		};
/* End PBXNativeTarget section */

/* Begin PBXProject section */
		996F68B31F7C08F700688A92 /* Project object */ = {
			isa = PBXProject;
			attributes = {
				LastSwiftUpdateCheck = 0900;
				LastUpgradeCheck = 0900;
				ORGANIZATIONNAME = Svagant;
				TargetAttributes = {
					996F68BA1F7C08F700688A92 = {
						CreatedOnToolsVersion = 9.0;
						ProvisioningStyle = Automatic;
					};
				};
			};
			buildConfigurationList = 996F68B61F7C08F700688A92 /* Build configuration list for PBXProject "MilanTestApp" */;
			compatibilityVersion = "Xcode 8.0";
			developmentRegion = en;
			hasScannedForEncodings = 0;
			knownRegions = (
				en,
				Base,
			);
			mainGroup = 996F68B21F7C08F700688A92;
			productRefGroup = 996F68BC1F7C08F700688A92 /* Products */;
			projectDirPath = "";
			projectRoot = "";
			targets = (
				996F68BA1F7C08F700688A92 /* MilanTestApp */,
			);
		};
/* End PBXProject section */

/* Begin PBXResourcesBuildPhase section */
		996F68B91F7C08F700688A92 /* Resources */ = {
			isa = PBXResourcesBuildPhase;
			buildActionMask = 2147483647;
			files = (
				996F68C91F7C08F700688A92 /* LaunchScreen.storyboard in Resources */,
				996F68C61F7C08F700688A92 /* Assets.xcassets in Resources */,
				996F68C41F7C08F700688A92 /* Main.storyboard in Resources */,
			);
			runOnlyForDeploymentPostprocessing = 0;
		};
/* End PBXResourcesBuildPhase section */

/* Begin PBXShellScriptBuildPhase section */
		2EF5E6D71124B09B6F366941 /* [CP] Embed Pods Frameworks */ = {
			isa = PBXShellScriptBuildPhase;
			buildActionMask = 2147483647;
			files = (
			);
			inputPaths = (
			);
			name = "[CP] Embed Pods Frameworks";
			outputPaths = (
			);
			runOnlyForDeploymentPostprocessing = 0;
			shellPath = /bin/sh;
			shellScript = "\"${SRCROOT}/Pods/Target Support Files/Pods-MilanTestApp/Pods-MilanTestApp-frameworks.sh\"\n";
			showEnvVarsInLog = 0;
		};
		928F441B5FEFB6D46BD06F90 /* [CP] Copy Pods Resources */ = {
			isa = PBXShellScriptBuildPhase;
			buildActionMask = 2147483647;
			files = (
			);
			inputPaths = (
			);
			name = "[CP] Copy Pods Resources";
			outputPaths = (
			);
			runOnlyForDeploymentPostprocessing = 0;
			shellPath = /bin/sh;
			shellScript = "\"${SRCROOT}/Pods/Target Support Files/Pods-MilanTestApp/Pods-MilanTestApp-resources.sh\"\n";
			showEnvVarsInLog = 0;
		};
		99CF6F6281D69C86BE73D07D /* [CP] Check Pods Manifest.lock */ = {
			isa = PBXShellScriptBuildPhase;
			buildActionMask = 2147483647;
			files = (
			);
			inputPaths = (
			);
			name = "[CP] Check Pods Manifest.lock";
			outputPaths = (
			);
			runOnlyForDeploymentPostprocessing = 0;
			shellPath = /bin/sh;
			shellScript = "diff \"${PODS_PODFILE_DIR_PATH}/Podfile.lock\" \"${PODS_ROOT}/Manifest.lock\" > /dev/null\nif [ $? != 0 ] ; then\n    # print error to STDERR\n    echo \"error: The sandbox is not in sync with the Podfile.lock. Run 'pod install' or update your CocoaPods installation.\" >&2\n    exit 1\nfi\n";
			showEnvVarsInLog = 0;
		};
/* End PBXShellScriptBuildPhase section */

/* Begin PBXSourcesBuildPhase section */
		996F68B71F7C08F700688A92 /* Sources */ = {
			isa = PBXSourcesBuildPhase;
			buildActionMask = 2147483647;
			files = (
				996F68C11F7C08F700688A92 /* ViewController.swift in Sources */,
				996F68BF1F7C08F700688A92 /* AppDelegate.swift in Sources */,
			);
			runOnlyForDeploymentPostprocessing = 0;
		};
/* End PBXSourcesBuildPhase section */

/* Begin PBXVariantGroup section */
		996F68C21F7C08F700688A92 /* Main.storyboard */ = {
			isa = PBXVariantGroup;
			children = (
				996F68C31F7C08F700688A92 /* Base */,
			);
			name = Main.storyboard;
			sourceTree = "<group>";
		};
		996F68C71F7C08F700688A92 /* LaunchScreen.storyboard */ = {
			isa = PBXVariantGroup;
			children = (
				996F68C81F7C08F700688A92 /* Base */,
			);
			name = LaunchScreen.storyboard;
			sourceTree = "<group>";
		};
/* End PBXVariantGroup section */

/* Begin XCBuildConfiguration section */
		996F68CB1F7C08F700688A92 /* Debug */ = {
			isa = XCBuildConfiguration;
			buildSettings = {
				ALWAYS_SEARCH_USER_PATHS = NO;
				CLANG_ANALYZER_NONNULL = YES;
				CLANG_ANALYZER_NUMBER_OBJECT_CONVERSION = YES_AGGRESSIVE;
				CLANG_CXX_LANGUAGE_STANDARD = "gnu++14";
				CLANG_CXX_LIBRARY = "libc++";
				CLANG_ENABLE_MODULES = YES;
				CLANG_ENABLE_OBJC_ARC = YES;
				CLANG_WARN_BLOCK_CAPTURE_AUTORELEASING = YES;
				CLANG_WARN_BOOL_CONVERSION = YES;
				CLANG_WARN_COMMA = YES;
				CLANG_WARN_CONSTANT_CONVERSION = YES;
				CLANG_WARN_DIRECT_OBJC_ISA_USAGE = YES_ERROR;
				CLANG_WARN_DOCUMENTATION_COMMENTS = YES;
				CLANG_WARN_EMPTY_BODY = YES;
				CLANG_WARN_ENUM_CONVERSION = YES;
				CLANG_WARN_INFINITE_RECURSION = YES;
				CLANG_WARN_INT_CONVERSION = YES;
				CLANG_WARN_NON_LITERAL_NULL_CONVERSION = YES;
				CLANG_WARN_OBJC_LITERAL_CONVERSION = YES;
				CLANG_WARN_OBJC_ROOT_CLASS = YES_ERROR;
				CLANG_WARN_RANGE_LOOP_ANALYSIS = YES;
				CLANG_WARN_STRICT_PROTOTYPES = YES;
				CLANG_WARN_SUSPICIOUS_MOVE = YES;
				CLANG_WARN_UNGUARDED_AVAILABILITY = YES_AGGRESSIVE;
				CLANG_WARN_UNREACHABLE_CODE = YES;
				CLANG_WARN__DUPLICATE_METHOD_MATCH = YES;
				CODE_SIGN_IDENTITY = "iPhone Developer";
				COPY_PHASE_STRIP = NO;
				DEBUG_INFORMATION_FORMAT = dwarf;
				ENABLE_STRICT_OBJC_MSGSEND = YES;
				ENABLE_TESTABILITY = YES;
				GCC_C_LANGUAGE_STANDARD = gnu11;
				GCC_DYNAMIC_NO_PIC = NO;
				GCC_NO_COMMON_BLOCKS = YES;
				GCC_OPTIMIZATION_LEVEL = 0;
				GCC_PREPROCESSOR_DEFINITIONS = (
					"DEBUG=1",
					"$(inherited)",
				);
				GCC_WARN_64_TO_32_BIT_CONVERSION = YES;
				GCC_WARN_ABOUT_RETURN_TYPE = YES_ERROR;
				GCC_WARN_UNDECLARED_SELECTOR = YES;
				GCC_WARN_UNINITIALIZED_AUTOS = YES_AGGRESSIVE;
				GCC_WARN_UNUSED_FUNCTION = YES;
				GCC_WARN_UNUSED_VARIABLE = YES;
				IPHONEOS_DEPLOYMENT_TARGET = 11.0;
				MTL_ENABLE_DEBUG_INFO = YES;
				ONLY_ACTIVE_ARCH = YES;
				SDKROOT = iphoneos;
				SWIFT_ACTIVE_COMPILATION_CONDITIONS = DEBUG;
				SWIFT_OPTIMIZATION_LEVEL = "-Onone";
			};
			name = Debug;
		};
		996F68CC1F7C08F700688A92 /* Release */ = {
			isa = XCBuildConfiguration;
			buildSettings = {
				ALWAYS_SEARCH_USER_PATHS = NO;
				CLANG_ANALYZER_NONNULL = YES;
				CLANG_ANALYZER_NUMBER_OBJECT_CONVERSION = YES_AGGRESSIVE;
				CLANG_CXX_LANGUAGE_STANDARD = "gnu++14";
				CLANG_CXX_LIBRARY = "libc++";
				CLANG_ENABLE_MODULES = YES;
				CLANG_ENABLE_OBJC_ARC = YES;
				CLANG_WARN_BLOCK_CAPTURE_AUTORELEASING = YES;
				CLANG_WARN_BOOL_CONVERSION = YES;
				CLANG_WARN_COMMA = YES;
				CLANG_WARN_CONSTANT_CONVERSION = YES;
				CLANG_WARN_DIRECT_OBJC_ISA_USAGE = YES_ERROR;
				CLANG_WARN_DOCUMENTATION_COMMENTS = YES;
				CLANG_WARN_EMPTY_BODY = YES;
				CLANG_WARN_ENUM_CONVERSION = YES;
				CLANG_WARN_INFINITE_RECURSION = YES;
				CLANG_WARN_INT_CONVERSION = YES;
				CLANG_WARN_NON_LITERAL_NULL_CONVERSION = YES;
				CLANG_WARN_OBJC_LITERAL_CONVERSION = YES;
				CLANG_WARN_OBJC_ROOT_CLASS = YES_ERROR;
				CLANG_WARN_RANGE_LOOP_ANALYSIS = YES;
				CLANG_WARN_STRICT_PROTOTYPES = YES;
				CLANG_WARN_SUSPICIOUS_MOVE = YES;
				CLANG_WARN_UNGUARDED_AVAILABILITY = YES_AGGRESSIVE;
				CLANG_WARN_UNREACHABLE_CODE = YES;
				CLANG_WARN__DUPLICATE_METHOD_MATCH = YES;
				CODE_SIGN_IDENTITY = "iPhone Developer";
				COPY_PHASE_STRIP = NO;
				DEBUG_INFORMATION_FORMAT = "dwarf-with-dsym";
				ENABLE_NS_ASSERTIONS = NO;
				ENABLE_STRICT_OBJC_MSGSEND = YES;
				GCC_C_LANGUAGE_STANDARD = gnu11;
				GCC_NO_COMMON_BLOCKS = YES;
				GCC_WARN_64_TO_32_BIT_CONVERSION = YES;
				GCC_WARN_ABOUT_RETURN_TYPE = YES_ERROR;
				GCC_WARN_UNDECLARED_SELECTOR = YES;
				GCC_WARN_UNINITIALIZED_AUTOS = YES_AGGRESSIVE;
				GCC_WARN_UNUSED_FUNCTION = YES;
				GCC_WARN_UNUSED_VARIABLE = YES;
				IPHONEOS_DEPLOYMENT_TARGET = 11.0;
				MTL_ENABLE_DEBUG_INFO = NO;
				SDKROOT = iphoneos;
				SWIFT_OPTIMIZATION_LEVEL = "-Owholemodule";
				VALIDATE_PRODUCT = YES;
			};
			name = Release;
		};
		996F68CE1F7C08F700688A92 /* Debug */ = {
			isa = XCBuildConfiguration;
			baseConfigurationReference = 104AD8E02267A4F1886A1AA5 /* Pods-MilanTestApp.debug.xcconfig */;
			buildSettings = {
				ASSETCATALOG_COMPILER_APPICON_NAME = AppIcon;
				CODE_SIGN_STYLE = Automatic;
				DEVELOPMENT_TEAM = QU9Y58GH5Y;
				INFOPLIST_FILE = MilanTestApp/Info.plist;
				LD_RUNPATH_SEARCH_PATHS = "$(inherited) @executable_path/Frameworks";
				PRODUCT_BUNDLE_IDENTIFIER = com.svagant.MilanTestApp;
				PRODUCT_NAME = "$(TARGET_NAME)";
				SWIFT_VERSION = 4.0;
				TARGETED_DEVICE_FAMILY = "1,2";
			};
			name = Debug;
		};
		996F68CF1F7C08F700688A92 /* Release */ = {
			isa = XCBuildConfiguration;
			baseConfigurationReference = 6EF14DB205CB6E40FF100A27 /* Pods-MilanTestApp.release.xcconfig */;
			buildSettings = {
				ASSETCATALOG_COMPILER_APPICON_NAME = AppIcon;
				CODE_SIGN_STYLE = Automatic;
				DEVELOPMENT_TEAM = QU9Y58GH5Y;
				INFOPLIST_FILE = MilanTestApp/Info.plist;
				LD_RUNPATH_SEARCH_PATHS = "$(inherited) @executable_path/Frameworks";
				PRODUCT_BUNDLE_IDENTIFIER = com.svagant.MilanTestApp;
				PRODUCT_NAME = "$(TARGET_NAME)";
				SWIFT_VERSION = 4.0;
				TARGETED_DEVICE_FAMILY = "1,2";
			};
			name = Release;
		};
/* End XCBuildConfiguration section */

/* Begin XCConfigurationList section */
		996F68B61F7C08F700688A92 /* Build configuration list for PBXProject "MilanTestApp" */ = {
			isa = XCConfigurationList;
			buildConfigurations = (
				996F68CB1F7C08F700688A92 /* Debug */,
				996F68CC1F7C08F700688A92 /* Release */,
			);
			defaultConfigurationIsVisible = 0;
			defaultConfigurationName = Release;
		};
		996F68CD1F7C08F700688A92 /* Build configuration list for PBXNativeTarget "MilanTestApp" */ = {
			isa = XCConfigurationList;
			buildConfigurations = (
				996F68CE1F7C08F700688A92 /* Debug */,
				996F68CF1F7C08F700688A92 /* Release */,
			);
			defaultConfigurationIsVisible = 0;
			defaultConfigurationName = Release;
		};
/* End XCConfigurationList section */
	};
	rootObject = 996F68B31F7C08F700688A92 /* Project object */;
}
